# THIS IS AN AUTOGENERATED FILE. DO NOT EDIT THIS FILE DIRECTLY.
# yarn lockfile v1


fast-xml-parser@^3.17.4:
  version "3.20.3"
  resolved "https://registry.yarnpkg.com/fast-xml-parser/-/fast-xml-parser-3.20.3.tgz#c171425356d4d929efeca4e4f67f24231a31c786"
  integrity sha512-FfHJ/QCpo4K2gquBX7dIAcmShSBG4dMtYJ3ghSiR4w7YqlUujuamrM57C+mKLNWS3mvZzmm2B2Qx8Q6Gfw+lDQ==
  dependencies:
    strnum "^1.0.4"

strnum@^1.0.4:
  version "1.0.4"
  resolved "https://registry.yarnpkg.com/strnum/-/strnum-1.0.4.tgz#e97e36a7d6ba9f93d0d6b496b2ed0678d422832b"
  integrity sha512-lMzNMfDpaQOLt4B2mEbfzYS0+T7dvCXeojnlGf6f1AygvWDMcWyXYaLbyICfjVu29sErR8fnRagQfBW/N/hGgw==

uni-ajax@^2.1.8:
  version "2.3.0"
  resolved "https://registry.yarnpkg.com/uni-ajax/-/uni-ajax-2.3.0.tgz#b67c4bcf4c2bee327d82c77db331a04b00ef645e"
  integrity sha512-m59zPUUIMLfCJ5vOTiNYnl8BprBekchkmOnlhWJg1NcRAZ6zngaz/0eI22Ql8k2d+EFaNvLjljzciL4RBnBH2w==
